version = 1
revision = 1
requires-python = ">=3.11"

[[package]]
name = "annotated-types"
version = "0.7.0"
source = { registry = "https://pypi.org/simple" }
sdist = { url = "https://files.pythonhosted.org/packages/ee/67/531ea369ba64dcff5ec9c3402f9f51bf748cec26dde048a2f973a4eea7f5/annotated_types-0.7.0.tar.gz", hash = "sha256:aff07c09a53a08bc8cfccb9c85b05f1aa9a2a6f23728d790723543408344ce89", size = 16081 }
wheels = [
    { url = "https://files.pythonhosted.org/packages/78/b6/6307fbef88d9b5ee7421e68d78a9f162e0da4900bc5f5793f6d3d0e34fb8/annotated_types-0.7.0-py3-none-any.whl", hash = "sha256:1f02e8b43a8fbbc3f3e0d4f0f4bfc8131bcb4eebe8849b8e5c773f3a1c582a53", size = 13643 },
]

[[package]]
name = "hvicorn"
version = "0.2.0"
source = { virtual = "." }
dependencies = [
    { name = "pydantic" },
    { name = "setuptools" },
    { name = "websocket-client" },
    { name = "websockets" },
]

[package.metadata]
requires-dist = [
    { name = "pydantic", specifier = "==2.7.3" },
    { name = "setuptools", specifier = "==70.0.0" },
    { name = "websocket-client", specifier = "==1.8.0" },
    { name = "websockets", specifier = "==12.0" },
]

[[package]]
name = "pydantic"
version = "2.7.3"
source = { registry = "https://pypi.org/simple" }
dependencies = [
    { name = "annotated-types" },
    { name = "pydantic-core" },
    { name = "typing-extensions" },
]
sdist = { url = "https://files.pythonhosted.org/packages/21/76/a622bd8e7b0b751f65884f54c0430e5910d523b8aeccf11a8bcef26fb17e/pydantic-2.7.3.tar.gz", hash = "sha256:c46c76a40bb1296728d7a8b99aa73dd70a48c3510111ff290034f860c99c419e", size = 714386 }
wheels = [
    { url = "https://files.pythonhosted.org/packages/e6/f5/80931903275942770f1112b524f1948f6d6ebd44725425025ca838800de2/pydantic-2.7.3-py3-none-any.whl", hash = "sha256:ea91b002777bf643bb20dd717c028ec43216b24a6001a280f83877fd2655d0b4", size = 409599 },
]

[[package]]
name = "pydantic-core"
version = "2.18.4"
source = { registry = "https://pypi.org/simple" }
dependencies = [
    { name = "typing-extensions" },
]
sdist = { url = "https://files.pythonhosted.org/packages/02/d0/622cdfe12fb138d035636f854eb9dc414f7e19340be395799de87c1de6f6/pydantic_core-2.18.4.tar.gz", hash = "sha256:ec3beeada09ff865c344ff3bc2f427f5e6c26401cc6113d77e372c3fdac73864", size = 385098 }
wheels = [
    { url = "https://files.pythonhosted.org/packages/25/ba/f8106ec853ed1e288490c39796322cb54f96685e53a1b302c6d7d5d3528e/pydantic_core-2.18.4-cp311-cp311-macosx_10_12_x86_64.whl", hash = "sha256:942ba11e7dfb66dc70f9ae66b33452f51ac7bb90676da39a7345e99ffb55402d", size = 1852003 },
    { url = "https://files.pythonhosted.org/packages/6c/a2/229dbee765ce711cd42c056da497ca26f7267384362e6767ab3bcdafca79/pydantic_core-2.18.4-cp311-cp311-macosx_11_0_arm64.whl", hash = "sha256:b2ebef0e0b4454320274f5e83a41844c63438fdc874ea40a8b5b4ecb7693f1c4", size = 1769636 },
    { url = "https://files.pythonhosted.org/packages/4d/cd/f29239ba9e23a4cbe27ebac22652f9c93b3f2122bd8b96bd51f72bbf7009/pydantic_core-2.18.4-cp311-cp311-manylinux_2_17_aarch64.manylinux2014_aarch64.whl", hash = "sha256:a642295cd0c8df1b86fc3dced1d067874c353a188dc8e0f744626d49e9aa51c4", size = 1790366 },
    { url = "https://files.pythonhosted.org/packages/17/24/517cb7e5839754b0855c50c92cdd8715919d05a360b94dc5cf181d5fe60d/pydantic_core-2.18.4-cp311-cp311-manylinux_2_17_armv7l.manylinux2014_armv7l.whl", hash = "sha256:5f09baa656c904807e832cf9cce799c6460c450c4ad80803517032da0cd062e2", size = 1781086 },
    { url = "https://files.pythonhosted.org/packages/90/63/9bf4ff4e014942387cb18a9d60d3b32ac892df9581b2b09c0d3eadd88fab/pydantic_core-2.18.4-cp311-cp311-manylinux_2_17_ppc64le.manylinux2014_ppc64le.whl", hash = "sha256:98906207f29bc2c459ff64fa007afd10a8c8ac080f7e4d5beff4c97086a3dabd", size = 1978642 },
    { url = "https://files.pythonhosted.org/packages/d2/71/3c9fd032695746c63fd95ea2765709c12d02e5332c9cc3972fa335e9f254/pydantic_core-2.18.4-cp311-cp311-manylinux_2_17_s390x.manylinux2014_s390x.whl", hash = "sha256:19894b95aacfa98e7cb093cd7881a0c76f55731efad31073db4521e2b6ff5b7d", size = 2868673 },
    { url = "https://files.pythonhosted.org/packages/d6/4b/51141c5ea1874e7204efac93899eefcb690ff6772a92c9a6521b32e5b71f/pydantic_core-2.18.4-cp311-cp311-manylinux_2_17_x86_64.manylinux2014_x86_64.whl", hash = "sha256:0fbbdc827fe5e42e4d196c746b890b3d72876bdbf160b0eafe9f0334525119c8", size = 2048418 },
    { url = "https://files.pythonhosted.org/packages/90/2b/c06dbed36bcb247412de81a20931e42ebf6ddb6f1cf3efb28c6539358aef/pydantic_core-2.18.4-cp311-cp311-manylinux_2_5_i686.manylinux1_i686.whl", hash = "sha256:f85d05aa0918283cf29a30b547b4df2fbb56b45b135f9e35b6807cb28bc47951", size = 1905908 },
    { url = "https://files.pythonhosted.org/packages/70/97/64968701368ff84049f5c916f63e39d6afc15cbdb188fd9f412cba359ff4/pydantic_core-2.18.4-cp311-cp311-musllinux_1_1_aarch64.whl", hash = "sha256:e85637bc8fe81ddb73fda9e56bab24560bdddfa98aa64f87aaa4e4b6730c23d2", size = 2009496 },
    { url = "https://files.pythonhosted.org/packages/ad/07/25167289bfb595cbe2aba706aa5c50083cff618662776d696e8574f03fc5/pydantic_core-2.18.4-cp311-cp311-musllinux_1_1_x86_64.whl", hash = "sha256:2f5966897e5461f818e136b8451d0551a2e77259eb0f73a837027b47dc95dab9", size = 2114671 },
    { url = "https://files.pythonhosted.org/packages/51/a0/a62e80edc26575627f3cae3e450c5afe31ce28b5333762eb3a3bba996675/pydantic_core-2.18.4-cp311-none-win32.whl", hash = "sha256:44c7486a4228413c317952e9d89598bcdfb06399735e49e0f8df643e1ccd0558", size = 1718138 },
    { url = "https://files.pythonhosted.org/packages/00/29/62236e5e19b92c1b908089589300e5834a8fcb5f870ae4f2a08b17782142/pydantic_core-2.18.4-cp311-none-win_amd64.whl", hash = "sha256:8a7164fe2005d03c64fd3b85649891cd4953a8de53107940bf272500ba8a788b", size = 1911303 },
    { url = "https://files.pythonhosted.org/packages/f5/cb/83c4c1059fd04d72849a010654be036bdc01b31718f539e9e5601950bf38/pydantic_core-2.18.4-cp311-none-win_arm64.whl", hash = "sha256:4e99bc050fe65c450344421017f98298a97cefc18c53bb2f7b3531eb39bc7805", size = 1779815 },
    { url = "https://files.pythonhosted.org/packages/e0/37/a46d4741a88f7223ef3ec68490e638fb93570127f28fd76cbc2c89c0a7ec/pydantic_core-2.18.4-cp312-cp312-macosx_10_12_x86_64.whl", hash = "sha256:6f5c4d41b2771c730ea1c34e458e781b18cc668d194958e0112455fff4e402b2", size = 1846298 },
    { url = "https://files.pythonhosted.org/packages/e9/93/46f546b40aba72683032c167aef9ccd568a54e28f28687081d10a6735294/pydantic_core-2.18.4-cp312-cp312-macosx_11_0_arm64.whl", hash = "sha256:2fdf2156aa3d017fddf8aea5adfba9f777db1d6022d392b682d2a8329e087cef", size = 1766852 },
    { url = "https://files.pythonhosted.org/packages/e5/84/864556db336393f2433eda50b7e047a8d485b95dd48d1d277750ce0042bf/pydantic_core-2.18.4-cp312-cp312-manylinux_2_17_aarch64.manylinux2014_aarch64.whl", hash = "sha256:4748321b5078216070b151d5271ef3e7cc905ab170bbfd27d5c83ee3ec436695", size = 1786599 },
    { url = "https://files.pythonhosted.org/packages/79/7b/a4f002cf3603672de868ae913dec7d561509bcd17401f4cc719ab8a46213/pydantic_core-2.18.4-cp312-cp312-manylinux_2_17_armv7l.manylinux2014_armv7l.whl", hash = "sha256:847a35c4d58721c5dc3dba599878ebbdfd96784f3fb8bb2c356e123bdcd73f34", size = 1769558 },
    { url = "https://files.pythonhosted.org/packages/bc/36/c3e7665d84f692b095d11e9f4af71bfc339471b7153d22a7526584b75b92/pydantic_core-2.18.4-cp312-cp312-manylinux_2_17_ppc64le.manylinux2014_ppc64le.whl", hash = "sha256:3c40d4eaad41f78e3bbda31b89edc46a3f3dc6e171bf0ecf097ff7a0ffff7cb1", size = 1976988 },
    { url = "https://files.pythonhosted.org/packages/c8/91/4bbb89ef7aade8095bbb26055c16d8026a3bbe97f6ad9a827f8265c00350/pydantic_core-2.18.4-cp312-cp312-manylinux_2_17_s390x.manylinux2014_s390x.whl", hash = "sha256:21a5e440dbe315ab9825fcd459b8814bb92b27c974cbc23c3e8baa2b76890077", size = 2792471 },
    { url = "https://files.pythonhosted.org/packages/d8/36/5676d758ccb008de9ae48db1614ffaa381e1971677e4a7e365cb7004e61c/pydantic_core-2.18.4-cp312-cp312-manylinux_2_17_x86_64.manylinux2014_x86_64.whl", hash = "sha256:01dd777215e2aa86dfd664daed5957704b769e726626393438f9c87690ce78c3", size = 2082097 },
    { url = "https://files.pythonhosted.org/packages/a0/d7/05be10426e0a338a84dc2699c143d8d1a3ad2a79aefe0dd0ce17a7dea81d/pydantic_core-2.18.4-cp312-cp312-manylinux_2_5_i686.manylinux1_i686.whl", hash = "sha256:4b06beb3b3f1479d32befd1f3079cc47b34fa2da62457cdf6c963393340b56e9", size = 1902982 },
    { url = "https://files.pythonhosted.org/packages/73/c8/784718a31831eda4446ba3d5c9d9a259a10d01f71f9684300f1bbac65d2f/pydantic_core-2.18.4-cp312-cp312-musllinux_1_1_aarch64.whl", hash = "sha256:564d7922e4b13a16b98772441879fcdcbe82ff50daa622d681dd682175ea918c", size = 2001850 },
    { url = "https://files.pythonhosted.org/packages/83/f8/9d59e352b3d168984b2e67e347365afe9698f08b2167e9582a03abf4f961/pydantic_core-2.18.4-cp312-cp312-musllinux_1_1_x86_64.whl", hash = "sha256:0eb2a4f660fcd8e2b1c90ad566db2b98d7f3f4717c64fe0a83e0adb39766d5b8", size = 2115674 },
    { url = "https://files.pythonhosted.org/packages/0f/98/fb23c03b5b96a4e6196d24ebc05026dbcd3ec05e9b0c85ae34a3c40f6d58/pydantic_core-2.18.4-cp312-none-win32.whl", hash = "sha256:8b8bab4c97248095ae0c4455b5a1cd1cdd96e4e4769306ab19dda135ea4cdb07", size = 1721997 },
    { url = "https://files.pythonhosted.org/packages/d9/c9/85bbe091e0f0f5a99f38cda2774b810ac593fd36dae2f9d777e215d2fa6b/pydantic_core-2.18.4-cp312-none-win_amd64.whl", hash = "sha256:14601cdb733d741b8958224030e2bfe21a4a881fb3dd6fbb21f071cabd48fa0a", size = 1905580 },
    { url = "https://files.pythonhosted.org/packages/35/ea/fba944f8e29860a3e1d535223427a657e7b29118e114188b3e2fda02c69e/pydantic_core-2.18.4-cp312-none-win_arm64.whl", hash = "sha256:c1322d7dd74713dcc157a2b7898a564ab091ca6c58302d5c7b4c07296e3fd00f", size = 1781973 },
]

[[package]]
name = "setuptools"
version = "70.0.0"
source = { registry = "https://pypi.org/simple" }
sdist = { url = "https://files.pythonhosted.org/packages/aa/60/5db2249526c9b453c5bb8b9f6965fcab0ddb7f40ad734420b3b421f7da44/setuptools-70.0.0.tar.gz", hash = "sha256:f211a66637b8fa059bb28183da127d4e86396c991a942b028c6650d4319c3fd0", size = 2265182 }
wheels = [
    { url = "https://files.pythonhosted.org/packages/de/88/70c5767a0e43eb4451c2200f07d042a4bcd7639276003a9c54a68cfcc1f8/setuptools-70.0.0-py3-none-any.whl", hash = "sha256:54faa7f2e8d2d11bcd2c07bed282eef1046b5c080d1c32add737d7b5817b1ad4", size = 863432 },
]

[[package]]
name = "typing-extensions"
version = "4.13.2"
source = { registry = "https://pypi.org/simple" }
sdist = { url = "https://files.pythonhosted.org/packages/f6/37/23083fcd6e35492953e8d2aaaa68b860eb422b34627b13f2ce3eb6106061/typing_extensions-4.13.2.tar.gz", hash = "sha256:e6c81219bd689f51865d9e372991c540bda33a0379d5573cddb9a3a23f7caaef", size = 106967 }
wheels = [
    { url = "https://files.pythonhosted.org/packages/8b/54/b1ae86c0973cc6f0210b53d508ca3641fb6d0c56823f288d108bc7ab3cc8/typing_extensions-4.13.2-py3-none-any.whl", hash = "sha256:a439e7c04b49fec3e5d3e2beaa21755cadbbdc391694e28ccdd36ca4a1408f8c", size = 45806 },
]

[[package]]
name = "websocket-client"
version = "1.8.0"
source = { registry = "https://pypi.org/simple" }
sdist = { url = "https://files.pythonhosted.org/packages/e6/30/fba0d96b4b5fbf5948ed3f4681f7da2f9f64512e1d303f94b4cc174c24a5/websocket_client-1.8.0.tar.gz", hash = "sha256:3239df9f44da632f96012472805d40a23281a991027ce11d2f45a6f24ac4c3da", size = 54648 }
wheels = [
    { url = "https://files.pythonhosted.org/packages/5a/84/44687a29792a70e111c5c477230a72c4b957d88d16141199bf9acb7537a3/websocket_client-1.8.0-py3-none-any.whl", hash = "sha256:17b44cc997f5c498e809b22cdf2d9c7a9e71c02c8cc2b6c56e7c2d1239bfa526", size = 58826 },
]

[[package]]
name = "websockets"
version = "12.0"
source = { registry = "https://pypi.org/simple" }
sdist = { url = "https://files.pythonhosted.org/packages/2e/62/7a7874b7285413c954a4cca3c11fd851f11b2fe5b4ae2d9bee4f6d9bdb10/websockets-12.0.tar.gz", hash = "sha256:81df9cbcbb6c260de1e007e58c011bfebe2dafc8435107b0537f393dd38c8b1b", size = 104994 }
wheels = [
    { url = "https://files.pythonhosted.org/packages/02/73/9c1e168a2e7fdf26841dc98f5f5502e91dea47428da7690a08101f616169/websockets-12.0-cp311-cp311-macosx_10_9_universal2.whl", hash = "sha256:5d873c7de42dea355d73f170be0f23788cf3fa9f7bed718fd2830eefedce01b4", size = 124047 },
    { url = "https://files.pythonhosted.org/packages/e4/2d/9a683359ad2ed11b2303a7a94800db19c61d33fa3bde271df09e99936022/websockets-12.0-cp311-cp311-macosx_10_9_x86_64.whl", hash = "sha256:3f61726cae9f65b872502ff3c1496abc93ffbe31b278455c418492016e2afc8f", size = 121282 },
    { url = "https://files.pythonhosted.org/packages/95/aa/75fa3b893142d6d98a48cb461169bd268141f2da8bfca97392d6462a02eb/websockets-12.0-cp311-cp311-macosx_11_0_arm64.whl", hash = "sha256:ed2fcf7a07334c77fc8a230755c2209223a7cc44fc27597729b8ef5425aa61a3", size = 121325 },
    { url = "https://files.pythonhosted.org/packages/6e/a4/51a25e591d645df71ee0dc3a2c880b28e5514c00ce752f98a40a87abcd1e/websockets-12.0-cp311-cp311-manylinux_2_17_aarch64.manylinux2014_aarch64.whl", hash = "sha256:8e332c210b14b57904869ca9f9bf4ca32f5427a03eeb625da9b616c85a3a506c", size = 131502 },
    { url = "https://files.pythonhosted.org/packages/cd/ea/0ceeea4f5b87398fe2d9f5bcecfa00a1bcd542e2bfcac2f2e5dd612c4e9e/websockets-12.0-cp311-cp311-manylinux_2_5_i686.manylinux1_i686.manylinux_2_17_i686.manylinux2014_i686.whl", hash = "sha256:5693ef74233122f8ebab026817b1b37fe25c411ecfca084b29bc7d6efc548f45", size = 130491 },
    { url = "https://files.pythonhosted.org/packages/e3/05/f52a60b66d9faf07a4f7d71dc056bffafe36a7e98c4eb5b78f04fe6e4e85/websockets-12.0-cp311-cp311-manylinux_2_5_x86_64.manylinux1_x86_64.manylinux_2_17_x86_64.manylinux2014_x86_64.whl", hash = "sha256:6e9e7db18b4539a29cc5ad8c8b252738a30e2b13f033c2d6e9d0549b45841c04", size = 130872 },
    { url = "https://files.pythonhosted.org/packages/ac/4e/c7361b2d7b964c40fea924d64881145164961fcd6c90b88b7e3ab2c4f431/websockets-12.0-cp311-cp311-musllinux_1_1_aarch64.whl", hash = "sha256:6e2df67b8014767d0f785baa98393725739287684b9f8d8a1001eb2839031447", size = 136318 },
    { url = "https://files.pythonhosted.org/packages/0a/31/337bf35ae5faeaf364c9cddec66681cdf51dc4414ee7a20f92a18e57880f/websockets-12.0-cp311-cp311-musllinux_1_1_i686.whl", hash = "sha256:bea88d71630c5900690fcb03161ab18f8f244805c59e2e0dc4ffadae0a7ee0ca", size = 135594 },
    { url = "https://files.pythonhosted.org/packages/95/aa/1ac767825c96f9d7e43c4c95683757d4ef28cf11fa47a69aca42428d3e3a/websockets-12.0-cp311-cp311-musllinux_1_1_x86_64.whl", hash = "sha256:dff6cdf35e31d1315790149fee351f9e52978130cef6c87c4b6c9b3baf78bc53", size = 136191 },
    { url = "https://files.pythonhosted.org/packages/28/4b/344ec5cfeb6bc417da097f8253607c3aed11d9a305fb58346f506bf556d8/websockets-12.0-cp311-cp311-win32.whl", hash = "sha256:3e3aa8c468af01d70332a382350ee95f6986db479ce7af14d5e81ec52aa2b402", size = 124453 },
    { url = "https://files.pythonhosted.org/packages/d1/40/6b169cd1957476374f51f4486a3e85003149e62a14e6b78a958c2222337a/websockets-12.0-cp311-cp311-win_amd64.whl", hash = "sha256:25eb766c8ad27da0f79420b2af4b85d29914ba0edf69f547cc4f06ca6f1d403b", size = 124971 },
    { url = "https://files.pythonhosted.org/packages/a9/6d/23cc898647c8a614a0d9ca703695dd04322fb5135096a20c2684b7c852b6/websockets-12.0-cp312-cp312-macosx_10_9_universal2.whl", hash = "sha256:0e6e2711d5a8e6e482cacb927a49a3d432345dfe7dea8ace7b5790df5932e4df", size = 124061 },
    { url = "https://files.pythonhosted.org/packages/39/34/364f30fdf1a375e4002a26ee3061138d1571dfda6421126127d379d13930/websockets-12.0-cp312-cp312-macosx_10_9_x86_64.whl", hash = "sha256:dbcf72a37f0b3316e993e13ecf32f10c0e1259c28ffd0a85cee26e8549595fbc", size = 121296 },
    { url = "https://files.pythonhosted.org/packages/2e/00/96ae1c9dcb3bc316ef683f2febd8c97dde9f254dc36c3afc65c7645f734c/websockets-12.0-cp312-cp312-macosx_11_0_arm64.whl", hash = "sha256:12743ab88ab2af1d17dd4acb4645677cb7063ef4db93abffbf164218a5d54c6b", size = 121326 },
    { url = "https://files.pythonhosted.org/packages/af/f1/bba1e64430685dd456c1a1fd6b0c791ae33104967b928aefeff261761e8d/websockets-12.0-cp312-cp312-manylinux_2_17_aarch64.manylinux2014_aarch64.whl", hash = "sha256:7b645f491f3c48d3f8a00d1fce07445fab7347fec54a3e65f0725d730d5b99cb", size = 131807 },
    { url = "https://files.pythonhosted.org/packages/62/3b/98ee269712f37d892b93852ce07b3e6d7653160ca4c0d4f8c8663f8021f8/websockets-12.0-cp312-cp312-manylinux_2_5_i686.manylinux1_i686.manylinux_2_17_i686.manylinux2014_i686.whl", hash = "sha256:9893d1aa45a7f8b3bc4510f6ccf8db8c3b62120917af15e3de247f0780294b92", size = 130751 },
    { url = "https://files.pythonhosted.org/packages/f1/00/d6f01ca2b191f8b0808e4132ccd2e7691f0453cbd7d0f72330eb97453c3a/websockets-12.0-cp312-cp312-manylinux_2_5_x86_64.manylinux1_x86_64.manylinux_2_17_x86_64.manylinux2014_x86_64.whl", hash = "sha256:1f38a7b376117ef7aff996e737583172bdf535932c9ca021746573bce40165ed", size = 131176 },
    { url = "https://files.pythonhosted.org/packages/af/9c/703ff3cd8109dcdee6152bae055d852ebaa7750117760ded697ab836cbcf/websockets-12.0-cp312-cp312-musllinux_1_1_aarch64.whl", hash = "sha256:f764ba54e33daf20e167915edc443b6f88956f37fb606449b4a5b10ba42235a5", size = 136246 },
    { url = "https://files.pythonhosted.org/packages/0b/a5/1a38fb85a456b9dc874ec984f3ff34f6550eafd17a3da28753cd3c1628e8/websockets-12.0-cp312-cp312-musllinux_1_1_i686.whl", hash = "sha256:1e4b3f8ea6a9cfa8be8484c9221ec0257508e3a1ec43c36acdefb2a9c3b00aa2", size = 135466 },
    { url = "https://files.pythonhosted.org/packages/3c/98/1261f289dff7e65a38d59d2f591de6ed0a2580b729aebddec033c4d10881/websockets-12.0-cp312-cp312-musllinux_1_1_x86_64.whl", hash = "sha256:9fdf06fd06c32205a07e47328ab49c40fc1407cdec801d698a7c41167ea45113", size = 136083 },
    { url = "https://files.pythonhosted.org/packages/a9/1c/f68769fba63ccb9c13fe0a25b616bd5aebeef1c7ddebc2ccc32462fb784d/websockets-12.0-cp312-cp312-win32.whl", hash = "sha256:baa386875b70cbd81798fa9f71be689c1bf484f65fd6fb08d051a0ee4e79924d", size = 124460 },
    { url = "https://files.pythonhosted.org/packages/20/52/8915f51f9aaef4e4361c89dd6cf69f72a0159f14e0d25026c81b6ad22525/websockets-12.0-cp312-cp312-win_amd64.whl", hash = "sha256:ae0a5da8f35a5be197f328d4727dbcfafa53d1824fac3d96cdd3a642fe09394f", size = 124985 },
    { url = "https://files.pythonhosted.org/packages/79/4d/9cc401e7b07e80532ebc8c8e993f42541534da9e9249c59ee0139dcb0352/websockets-12.0-py3-none-any.whl", hash = "sha256:dc284bbc8d7c78a6c69e0c7325ab46ee5e40bb4d50e494d8131a07ef47500e9e", size = 118370 },
]
